{
  "name": "servitect",
  "version": "1.2.2",
  "lockfileVersion": 3,
  "requires": true,
  "packages": {
    "": {
      "name": "servitect",
      "version": "1.2.2",
      "license": "ISC",
      "dependencies": {
        "servitect": "file:"
      },
      "bin": {
        "mvc-create": "bin/MVCBuilder.js"
      }
    },
    "node_modules/servitect": {
      "resolved": "",
      "link": true
    }
  }
}
